# this file is automatically generated; do not edit by hand.

[deps.mach-std]
url = "https://github.com/briar-systems/mach-std"
ref = "branch/main"
commit = "991e20b5284675244443dd8b85b81fef3b1bfb96"

[deps.mach-glfw]
url = "https://github.com/briar-systems/mach-glfw"
ref = "branch/main"
commit = "56ee66548febe1420c6c254c371bb985b230d02a"

[deps.mach-gl]
url = "https://github.com/briar-systems/mach-gl"
ref = "branch/dev"
commit = "8016cb931c5ddd036de196f576ce9d4b93bc5ba6"

[deps.mach-vk]
url = "https://github.com/briar-systems/mach-vk"
ref = "branch/main"
commit = "42a44618d153cb71ef7c5f82023321bedd0b3be7"

[deps.mach-audio]
url = "https://github.com/briar-systems/mach-audio"
ref = "branch/dev"
commit = "630d9f6eee7456adc63148c13dee53ef8080cee4"

[deps.mach-image]
url = "https://github.com/briar-systems/mach-image"
ref = "branch/dev"
commit = "7ce0b138a20d773e4c94e4fb2d0ab9049ed4836a"

[deps.mach-font]
url = "https://github.com/briar-systems/mach-font"
ref = "branch/dev"
commit = "5ea69d29a18b4b9b77bd77923929801277bcb883"

[deps.mach-gltf]
url = "https://github.com/briar-systems/mach-gltf"
ref = "branch/dev"
commit = "d4666611d02adda328c9a7a06f1f62bb3df7dd38"

[deps.mach-phys]
url = "https://github.com/briar-systems/mach-phys"
ref = "branch/main"
commit = "d415b2be93ba74452474e49a6fcd19d8ab2f76ac"

[deps.blit]
url = "https://github.com/briar-systems/blit"
ref = "branch/main"
commit = "f3633bd92b1aaa9b6ab7031279b77fc2921aadf7"
