# this file is automatically generated; do not edit by hand.

[deps.mach-std]
url = "https://github.com/briar-systems/mach-std"
ref = "branch/main"
commit = "991e20b5284675244443dd8b85b81fef3b1bfb96"

[deps.mach-glfw]
url = "https://github.com/briar-systems/mach-glfw"
ref = "branch/main"
commit = "56ee66548febe1420c6c254c371bb985b230d02a"

[deps.mach-gl]
url = "https://github.com/briar-systems/mach-gl"
ref = "branch/main"
commit = "46df6849a259e07fe86fd067518e0c78d192fa4e"

[deps.mach-vk]
url = "https://github.com/briar-systems/mach-vk"
ref = "branch/main"
commit = "42a44618d153cb71ef7c5f82023321bedd0b3be7"

[deps.mach-audio]
url = "https://github.com/briar-systems/mach-audio"
ref = "branch/main"
commit = "f8dc7bf96ab053abef0a5ac9381a2670babb02fa"

[deps.mach-image]
url = "https://github.com/briar-systems/mach-image"
ref = "branch/main"
commit = "4f5a76aca96071e0bb986cb13e84fb6962641e1b"

[deps.mach-font]
url = "https://github.com/briar-systems/mach-font"
ref = "branch/main"
commit = "d7f229ce9c52a07316700630af235850475e5a89"

[deps.mach-gltf]
url = "https://github.com/briar-systems/mach-gltf"
ref = "branch/main"
commit = "66e99b30932d20f5c2c7a848c48993a28dd07cb4"

[deps.mach-phys]
url = "https://github.com/briar-systems/mach-phys"
ref = "branch/main"
commit = "d415b2be93ba74452474e49a6fcd19d8ab2f76ac"

[deps.blit]
url = "https://github.com/briar-systems/blit"
ref = "branch/main"
commit = "f3633bd92b1aaa9b6ab7031279b77fc2921aadf7"
