# this file is automatically generated; do not edit by hand.

[dep.mach-std]
url = "https://github.com/briar-systems/mach-std"
ref = "branch/main"
commit = "f6967775d79eb780207140596581abbf7bf78be3"

[dep.mach-glfw]
url = "https://github.com/briar-systems/mach-glfw"
ref = "branch/main"
commit = "0268357dc3b5c44d08a24d6dff99c9976b279360"

[dep.mach-audio]
url = "https://github.com/briar-systems/mach-audio"
ref = "branch/main"
commit = "ebf2bb0722d47a412c820bdeb419ceec65921882"

[dep.mach-image]
url = "https://github.com/briar-systems/mach-image"
ref = "branch/main"
commit = "687d696af15b59206c6b694cf3c0255ce2599c91"

[dep.mach-font]
url = "https://github.com/briar-systems/mach-font"
ref = "branch/dev"
commit = "da30f3dc54436c36afee5997d817c6965d403a6f"

[dep.mach-phys]
url = "https://github.com/briar-systems/mach-phys"
ref = "branch/main"
commit = "33011b6198cdf5b5a381bdb2a6923afdc93ea2ae"

[dep.mach-vk]
url = "https://github.com/briar-systems/mach-vk"
ref = "branch/main"
commit = "a52428a59ad960adf4f468315008db2e097546ec"

[dep.mach-gltf]
url = "https://github.com/briar-systems/mach-gltf"
ref = "branch/main"
commit = "74517227c8f0188a9e36f328e8a520a01db9e23a"

[dep.mach-shader]
url = "https://github.com/briar-systems/mach-shader"
ref = "branch/main"
commit = "e4ad3d3ffa8c5e19c270381f76623087f2d3ac18"
