# this file is automatically generated; do not edit by hand.

[dep.boom]
url = "https://github.com/briar-systems/boom"
ref = "branch/dev"
commit = "e901a983e78f328bd60e7d62f13b4d4606a3e196"

[dep.mach-std]
url = "https://github.com/briar-systems/mach-std"
ref = "branch/main"
commit = "9c6eb77880de143090ef48645ba7353ec786d758"

[dep.mach-glfw]
url = "https://github.com/briar-systems/mach-glfw"
ref = "branch/main"
commit = "46b9c775e0224868e09a3457485d9dbe7217f955"

[dep.mach-gl]
url = "https://github.com/briar-systems/mach-gl"
ref = "branch/dev"
commit = "4f5d1995b956e90bb9b5e73fe4e0b55f606f5003"

[dep.mach-image]
url = "https://github.com/briar-systems/mach-image"
ref = "branch/dev"
commit = "9df0adf6e4e6bf641522416c2042f0b04a152463"

[dep.mach-gltf]
url = "https://github.com/briar-systems/mach-gltf"
ref = "branch/dev"
commit = "aed97beb6a9e17475f1e92bdfba0de845e43cd93"
